
Microsoft Visual Studio Solution File, Format Version 12.00
# Visual Studio Version 16
VisualStudioVersion = 16.0.29806.167
MinimumVisualStudioVersion = 10.0.40219.1
Project("{FAE04EC0-301F-11D3-BF4B-00C04F79EFBC}") = "ExercicioMod9Pratica", "ExercicioMod9Pratica\ExercicioMod9Pratica.csproj", "{064C2368-8535-42EE-ADB4-427699C9B51D}"
EndProject
Global
	GlobalSection(SolutionConfigurationPlatforms) = preSolution
		Debug|Any CPU = Debug|Any CPU
		Release|Any CPU = Release|Any CPU
	EndGlobalSection
	GlobalSection(ProjectConfigurationPlatforms) = postSolution
		{064C2368-8535-42EE-ADB4-427699C9B51D}.Debug|Any CPU.ActiveCfg = Debug|Any CPU
		{064C2368-8535-42EE-ADB4-427699C9B51D}.Debug|Any CPU.Build.0 = Debug|Any CPU
		{064C2368-8535-42EE-ADB4-427699C9B51D}.Release|Any CPU.ActiveCfg = Release|Any CPU
		{064C2368-8535-42EE-ADB4-427699C9B51D}.Release|Any CPU.Build.0 = Release|Any CPU
	EndGlobalSection
	GlobalSection(SolutionProperties) = preSolution
		HideSolutionNode = FALSE
	EndGlobalSection
	GlobalSection(ExtensibilityGlobals) = postSolution
		SolutionGuid = {6680FE45-1FAC-4B25-8727-FBEF1AF5723E}
	EndGlobalSection
EndGlobal
